
Microsoft Visual Studio Solution File, Format Version 12.00
# Visual Studio Version 17
VisualStudioVersion = 17.7.34202.233
MinimumVisualStudioVersion = 10.0.40219.1
Project("{FAE04EC0-301F-11D3-BF4B-00C04F79EFBC}") = "practiica 5", "practiica 5.csproj", "{6849B3DE-9051-456A-BFC1-AD52504F3817}"
EndProject
Global
	GlobalSection(SolutionConfigurationPlatforms) = preSolution
		Debug|Any CPU = Debug|Any CPU
		Release|Any CPU = Release|Any CPU
	EndGlobalSection
	GlobalSection(ProjectConfigurationPlatforms) = postSolution
		{6849B3DE-9051-456A-BFC1-AD52504F3817}.Debug|Any CPU.ActiveCfg = Debug|Any CPU
		{6849B3DE-9051-456A-BFC1-AD52504F3817}.Debug|Any CPU.Build.0 = Debug|Any CPU
		{6849B3DE-9051-456A-BFC1-AD52504F3817}.Release|Any CPU.ActiveCfg = Release|Any CPU
		{6849B3DE-9051-456A-BFC1-AD52504F3817}.Release|Any CPU.Build.0 = Release|Any CPU
	EndGlobalSection
	GlobalSection(SolutionProperties) = preSolution
		HideSolutionNode = FALSE
	EndGlobalSection
	GlobalSection(ExtensibilityGlobals) = postSolution
		SolutionGuid = {0DF9D573-09C7-4C33-8584-E8B034174D20}
	EndGlobalSection
EndGlobal
